// !$*UTF8*$!
{
	archiveVersion = 1;
	classes = {
	};
	objectVersion = 48;
	objects = {

/* Begin PBXBuildFile section */
		4643A31344D09B106A486481 /* Pods_mini_project_search_filter.framework in Frameworks */ = {isa = PBXBuildFile; fileRef = 7BC41708AE0BB30EA7C240E5 /* Pods_mini_project_search_filter.framework */; };
		8E51EC0721527907004EA581 /* SwiftRangeSlider.framework in Frameworks */ = {isa = PBXBuildFile; fileRef = 8E51EC0821527907004EA581 /* SwiftRangeSlider.framework */; };
		8EBA396F2150D23500506046 /* AppDelegate.swift in Sources */ = {isa = PBXBuildFile; fileRef = 8EBA396E2150D23500506046 /* AppDelegate.swift */; };
		8EBA39742150D23500506046 /* Main.storyboard in Resources */ = {isa = PBXBuildFile; fileRef = 8EBA39722150D23500506046 /* Main.storyboard */; };
		8EBA39772150D23500506046 /* mini_project_search_filter.xcdatamodeld in Sources */ = {isa = PBXBuildFile; fileRef = 8EBA39752150D23500506046 /* mini_project_search_filter.xcdatamodeld */; };
		8EBA39792150D23500506046 /* Assets.xcassets in Resources */ = {isa = PBXBuildFile; fileRef = 8EBA39782150D23500506046 /* Assets.xcassets */; };
		8EBA397C2150D23500506046 /* LaunchScreen.storyboard in Resources */ = {isa = PBXBuildFile; fileRef = 8EBA397A2150D23500506046 /* LaunchScreen.storyboard */; };
		8EBA39872150D23600506046 /* mini_project_search_filterTests.swift in Sources */ = {isa = PBXBuildFile; fileRef = 8EBA39862150D23600506046 /* mini_project_search_filterTests.swift */; };
		8EBA39922150D23600506046 /* mini_project_search_filterUITests.swift in Sources */ = {isa = PBXBuildFile; fileRef = 8EBA39912150D23600506046 /* mini_project_search_filterUITests.swift */; };
		8EBA39A22150EF6000506046 /* ItemCell.swift in Sources */ = {isa = PBXBuildFile; fileRef = 8EBA39A02150EF6000506046 /* ItemCell.swift */; };
		8EBA39A32150EF6000506046 /* ItemCell.xib in Resources */ = {isa = PBXBuildFile; fileRef = 8EBA39A12150EF6000506046 /* ItemCell.xib */; };
		8EBA39A72150F51400506046 /* ViewController.swift in Sources */ = {isa = PBXBuildFile; fileRef = 8EBA39A62150F51400506046 /* ViewController.swift */; };
		8EBA39AC2152196600506046 /* Alamofire.framework in Frameworks */ = {isa = PBXBuildFile; fileRef = 8EBA39AD2152196600506046 /* Alamofire.framework */; };
		8EBA39AE21521E4B00506046 /* SwiftyJSON.framework in Frameworks */ = {isa = PBXBuildFile; fileRef = 8EBA39AF21521E4B00506046 /* SwiftyJSON.framework */; };
		8EC72AF5215267EA00F29EAC /* FilterPageController.storyboard in Resources */ = {isa = PBXBuildFile; fileRef = 8EC72AF4215267EA00F29EAC /* FilterPageController.storyboard */; };
		8EC72AF921526F9700F29EAC /* FilterPageController.swift in Sources */ = {isa = PBXBuildFile; fileRef = 8EC72AF821526F9700F29EAC /* FilterPageController.swift */; };
/* End PBXBuildFile section */

/* Begin PBXContainerItemProxy section */
		8EBA39832150D23600506046 /* PBXContainerItemProxy */ = {
			isa = PBXContainerItemProxy;
			containerPortal = 8EBA39632150D23500506046 /* Project object */;
			proxyType = 1;
			remoteGlobalIDString = 8EBA396A2150D23500506046;
			remoteInfo = "mini-project-search-filter";
		};
		8EBA398E2150D23600506046 /* PBXContainerItemProxy */ = {
			isa = PBXContainerItemProxy;
			containerPortal = 8EBA39632150D23500506046 /* Project object */;
			proxyType = 1;
			remoteGlobalIDString = 8EBA396A2150D23500506046;
			remoteInfo = "mini-project-search-filter";
		};
/* End PBXContainerItemProxy section */

/* Begin PBXFileReference section */
		0395A2B618F0304CD32E64CB /* Pods_mini_project_search_filterTests.framework */ = {isa = PBXFileReference; explicitFileType = wrapper.framework; includeInIndex = 0; path = Pods_mini_project_search_filterTests.framework; sourceTree = BUILT_PRODUCTS_DIR; };
		798753BCF5F515A097F57CBB /* Pods_mini_project_search_filterUITests.framework */ = {isa = PBXFileReference; explicitFileType = wrapper.framework; includeInIndex = 0; path = Pods_mini_project_search_filterUITests.framework; sourceTree = BUILT_PRODUCTS_DIR; };
		7BC41708AE0BB30EA7C240E5 /* Pods_mini_project_search_filter.framework */ = {isa = PBXFileReference; explicitFileType = wrapper.framework; includeInIndex = 0; path = Pods_mini_project_search_filter.framework; sourceTree = BUILT_PRODUCTS_DIR; };
		8E51EC0821527907004EA581 /* SwiftRangeSlider.framework */ = {isa = PBXFileReference; explicitFileType = wrapper.framework; path = SwiftRangeSlider.framework; sourceTree = BUILT_PRODUCTS_DIR; };
		8EBA396B2150D23500506046 /* mini-project-search-filter.app */ = {isa = PBXFileReference; explicitFileType = wrapper.application; includeInIndex = 0; path = "mini-project-search-filter.app"; sourceTree = BUILT_PRODUCTS_DIR; };
		8EBA396E2150D23500506046 /* AppDelegate.swift */ = {isa = PBXFileReference; lastKnownFileType = sourcecode.swift; path = AppDelegate.swift; sourceTree = "<group>"; };
		8EBA39732150D23500506046 /* Base */ = {isa = PBXFileReference; lastKnownFileType = file.storyboard; name = Base; path = Base.lproj/Main.storyboard; sourceTree = "<group>"; };
		8EBA39762150D23500506046 /* mini_project_search_filter.xcdatamodel */ = {isa = PBXFileReference; lastKnownFileType = wrapper.xcdatamodel; path = mini_project_search_filter.xcdatamodel; sourceTree = "<group>"; };
		8EBA39782150D23500506046 /* Assets.xcassets */ = {isa = PBXFileReference; lastKnownFileType = folder.assetcatalog; path = Assets.xcassets; sourceTree = "<group>"; };
		8EBA397B2150D23500506046 /* Base */ = {isa = PBXFileReference; lastKnownFileType = file.storyboard; name = Base; path = Base.lproj/LaunchScreen.storyboard; sourceTree = "<group>"; };
		8EBA397D2150D23500506046 /* Info.plist */ = {isa = PBXFileReference; lastKnownFileType = text.plist.xml; path = Info.plist; sourceTree = "<group>"; };
		8EBA39822150D23600506046 /* mini-project-search-filterTests.xctest */ = {isa = PBXFileReference; explicitFileType = wrapper.cfbundle; includeInIndex = 0; path = "mini-project-search-filterTests.xctest"; sourceTree = BUILT_PRODUCTS_DIR; };
		8EBA39862150D23600506046 /* mini_project_search_filterTests.swift */ = {isa = PBXFileReference; lastKnownFileType = sourcecode.swift; path = mini_project_search_filterTests.swift; sourceTree = "<group>"; };
		8EBA39882150D23600506046 /* Info.plist */ = {isa = PBXFileReference; lastKnownFileType = text.plist.xml; path = Info.plist; sourceTree = "<group>"; };
		8EBA398D2150D23600506046 /* mini-project-search-filterUITests.xctest */ = {isa = PBXFileReference; explicitFileType = wrapper.cfbundle; includeInIndex = 0; path = "mini-project-search-filterUITests.xctest"; sourceTree = BUILT_PRODUCTS_DIR; };
		8EBA39912150D23600506046 /* mini_project_search_filterUITests.swift */ = {isa = PBXFileReference; lastKnownFileType = sourcecode.swift; path = mini_project_search_filterUITests.swift; sourceTree = "<group>"; };
		8EBA39932150D23600506046 /* Info.plist */ = {isa = PBXFileReference; lastKnownFileType = text.plist.xml; path = Info.plist; sourceTree = "<group>"; };
		8EBA39A02150EF6000506046 /* ItemCell.swift */ = {isa = PBXFileReference; lastKnownFileType = sourcecode.swift; path = ItemCell.swift; sourceTree = "<group>"; };
		8EBA39A12150EF6000506046 /* ItemCell.xib */ = {isa = PBXFileReference; lastKnownFileType = file.xib; path = ItemCell.xib; sourceTree = "<group>"; };
		8EBA39A62150F51400506046 /* ViewController.swift */ = {isa = PBXFileReference; lastKnownFileType = sourcecode.swift; path = ViewController.swift; sourceTree = "<group>"; };
		8EBA39AD2152196600506046 /* Alamofire.framework */ = {isa = PBXFileReference; explicitFileType = wrapper.framework; path = Alamofire.framework; sourceTree = BUILT_PRODUCTS_DIR; };
		8EBA39AF21521E4B00506046 /* SwiftyJSON.framework */ = {isa = PBXFileReference; explicitFileType = wrapper.framework; path = SwiftyJSON.framework; sourceTree = BUILT_PRODUCTS_DIR; };
		8EC72AF4215267EA00F29EAC /* FilterPageController.storyboard */ = {isa = PBXFileReference; lastKnownFileType = file.storyboard; path = FilterPageController.storyboard; sourceTree = "<group>"; };
		8EC72AF821526F9700F29EAC /* FilterPageController.swift */ = {isa = PBXFileReference; lastKnownFileType = sourcecode.swift; path = FilterPageController.swift; sourceTree = "<group>"; };
		9D51F00470B62C745D6B1EDC /* Pods-mini-project-search-filter.release.xcconfig */ = {isa = PBXFileReference; includeInIndex = 1; lastKnownFileType = text.xcconfig; name = "Pods-mini-project-search-filter.release.xcconfig"; path = "Pods/Target Support Files/Pods-mini-project-search-filter/Pods-mini-project-search-filter.release.xcconfig"; sourceTree = "<group>"; };
		E8E77C44B9EA38272591D4D1 /* Pods-mini-project-search-filter.debug.xcconfig */ = {isa = PBXFileReference; includeInIndex = 1; lastKnownFileType = text.xcconfig; name = "Pods-mini-project-search-filter.debug.xcconfig"; path = "Pods/Target Support Files/Pods-mini-project-search-filter/Pods-mini-project-search-filter.debug.xcconfig"; sourceTree = "<group>"; };
/* End PBXFileReference section */

/* Begin PBXFrameworksBuildPhase section */
		8EBA39682150D23500506046 /* Frameworks */ = {
			isa = PBXFrameworksBuildPhase;
			buildActionMask = 2147483647;
			files = (
				8E51EC0721527907004EA581 /* SwiftRangeSlider.framework in Frameworks */,
				8EBA39AE21521E4B00506046 /* SwiftyJSON.framework in Frameworks */,
				8EBA39AC2152196600506046 /* Alamofire.framework in Frameworks */,
				4643A31344D09B106A486481 /* Pods_mini_project_search_filter.framework in Frameworks */,
			);
			runOnlyForDeploymentPostprocessing = 0;
		};
		8EBA397F2150D23600506046 /* Frameworks */ = {
			isa = PBXFrameworksBuildPhase;
			buildActionMask = 2147483647;
			files = (
			);
			runOnlyForDeploymentPostprocessing = 0;
		};
		8EBA398A2150D23600506046 /* Frameworks */ = {
			isa = PBXFrameworksBuildPhase;
			buildActionMask = 2147483647;
			files = (
			);
			runOnlyForDeploymentPostprocessing = 0;
		};
/* End PBXFrameworksBuildPhase section */

/* Begin PBXGroup section */
		2D8595DCED840439F3D18BED /* Frameworks */ = {
			isa = PBXGroup;
			children = (
				8E51EC0821527907004EA581 /* SwiftRangeSlider.framework */,
				8EBA39AF21521E4B00506046 /* SwiftyJSON.framework */,
				8EBA39AD2152196600506046 /* Alamofire.framework */,
				7BC41708AE0BB30EA7C240E5 /* Pods_mini_project_search_filter.framework */,
				0395A2B618F0304CD32E64CB /* Pods_mini_project_search_filterTests.framework */,
				798753BCF5F515A097F57CBB /* Pods_mini_project_search_filterUITests.framework */,
			);
			name = Frameworks;
			sourceTree = "<group>";
		};
		8EBA39622150D23500506046 = {
			isa = PBXGroup;
			children = (
				8EBA396D2150D23500506046 /* mini-project-search-filter */,
				8EBA39852150D23600506046 /* mini-project-search-filterTests */,
				8EBA39902150D23600506046 /* mini-project-search-filterUITests */,
				8EBA396C2150D23500506046 /* Products */,
				9AFC65CE346CA48E99A11603 /* Pods */,
				2D8595DCED840439F3D18BED /* Frameworks */,
			);
			sourceTree = "<group>";
		};
		8EBA396C2150D23500506046 /* Products */ = {
			isa = PBXGroup;
			children = (
				8EBA396B2150D23500506046 /* mini-project-search-filter.app */,
				8EBA39822150D23600506046 /* mini-project-search-filterTests.xctest */,
				8EBA398D2150D23600506046 /* mini-project-search-filterUITests.xctest */,
			);
			name = Products;
			sourceTree = "<group>";
		};
		8EBA396D2150D23500506046 /* mini-project-search-filter */ = {
			isa = PBXGroup;
			children = (
				8EBA399F2150EEFF00506046 /* ItemCell */,
				8EBA396E2150D23500506046 /* AppDelegate.swift */,
				8EBA39782150D23500506046 /* Assets.xcassets */,
				8EBA39722150D23500506046 /* Main.storyboard */,
				8EC72AF4215267EA00F29EAC /* FilterPageController.storyboard */,
				8EBA397A2150D23500506046 /* LaunchScreen.storyboard */,
				8EBA397D2150D23500506046 /* Info.plist */,
				8EBA39752150D23500506046 /* mini_project_search_filter.xcdatamodeld */,
				8EBA39A62150F51400506046 /* ViewController.swift */,
				8EC72AF821526F9700F29EAC /* FilterPageController.swift */,
			);
			path = "mini-project-search-filter";
			sourceTree = "<group>";
		};
		8EBA39852150D23600506046 /* mini-project-search-filterTests */ = {
			isa = PBXGroup;
			children = (
				8EBA39862150D23600506046 /* mini_project_search_filterTests.swift */,
				8EBA39882150D23600506046 /* Info.plist */,
			);
			path = "mini-project-search-filterTests";
			sourceTree = "<group>";
		};
		8EBA39902150D23600506046 /* mini-project-search-filterUITests */ = {
			isa = PBXGroup;
			children = (
				8EBA39912150D23600506046 /* mini_project_search_filterUITests.swift */,
				8EBA39932150D23600506046 /* Info.plist */,
			);
			path = "mini-project-search-filterUITests";
			sourceTree = "<group>";
		};
		8EBA399F2150EEFF00506046 /* ItemCell */ = {
			isa = PBXGroup;
			children = (
				8EBA39A02150EF6000506046 /* ItemCell.swift */,
				8EBA39A12150EF6000506046 /* ItemCell.xib */,
			);
			path = ItemCell;
			sourceTree = "<group>";
		};
		9AFC65CE346CA48E99A11603 /* Pods */ = {
			isa = PBXGroup;
			children = (
				E8E77C44B9EA38272591D4D1 /* Pods-mini-project-search-filter.debug.xcconfig */,
				9D51F00470B62C745D6B1EDC /* Pods-mini-project-search-filter.release.xcconfig */,
			);
			name = Pods;
			sourceTree = "<group>";
		};
/* End PBXGroup section */

/* Begin PBXNativeTarget section */
		8EBA396A2150D23500506046 /* mini-project-search-filter */ = {
			isa = PBXNativeTarget;
			buildConfigurationList = 8EBA39962150D23600506046 /* Build configuration list for PBXNativeTarget "mini-project-search-filter" */;
			buildPhases = (
				79111A7733B67B9E4953423D /* [CP] Check Pods Manifest.lock */,
				8EBA39672150D23500506046 /* Sources */,
				8EBA39682150D23500506046 /* Frameworks */,
				8EBA39692150D23500506046 /* Resources */,
				FFA41CD8A1A534D003384E9C /* [CP] Embed Pods Frameworks */,
			);
			buildRules = (
			);
			dependencies = (
			);
			name = "mini-project-search-filter";
			productName = "mini-project-search-filter";
			productReference = 8EBA396B2150D23500506046 /* mini-project-search-filter.app */;
			productType = "com.apple.product-type.application";
		};
		8EBA39812150D23600506046 /* mini-project-search-filterTests */ = {
			isa = PBXNativeTarget;
			buildConfigurationList = 8EBA39992150D23600506046 /* Build configuration list for PBXNativeTarget "mini-project-search-filterTests" */;
			buildPhases = (
				8EBA397E2150D23600506046 /* Sources */,
				8EBA397F2150D23600506046 /* Frameworks */,
				8EBA39802150D23600506046 /* Resources */,
			);
			buildRules = (
			);
			dependencies = (
				8EBA39842150D23600506046 /* PBXTargetDependency */,
			);
			name = "mini-project-search-filterTests";
			productName = "mini-project-search-filterTests";
			productReference = 8EBA39822150D23600506046 /* mini-project-search-filterTests.xctest */;
			productType = "com.apple.product-type.bundle.unit-test";
		};
		8EBA398C2150D23600506046 /* mini-project-search-filterUITests */ = {
			isa = PBXNativeTarget;
			buildConfigurationList = 8EBA399C2150D23600506046 /* Build configuration list for PBXNativeTarget "mini-project-search-filterUITests" */;
			buildPhases = (
				8EBA39892150D23600506046 /* Sources */,
				8EBA398A2150D23600506046 /* Frameworks */,
				8EBA398B2150D23600506046 /* Resources */,
			);
			buildRules = (
			);
			dependencies = (
				8EBA398F2150D23600506046 /* PBXTargetDependency */,
			);
			name = "mini-project-search-filterUITests";
			productName = "mini-project-search-filterUITests";
			productReference = 8EBA398D2150D23600506046 /* mini-project-search-filterUITests.xctest */;
			productType = "com.apple.product-type.bundle.ui-testing";
		};
/* End PBXNativeTarget section */

/* Begin PBXProject section */
		8EBA39632150D23500506046 /* Project object */ = {
			isa = PBXProject;
			attributes = {
				LastSwiftUpdateCheck = 0910;
				LastUpgradeCheck = 0910;
				ORGANIZATIONNAME = "Dinna Ayu Karunniawati";
				TargetAttributes = {
					8EBA396A2150D23500506046 = {
						CreatedOnToolsVersion = 9.1;
						ProvisioningStyle = Automatic;
					};
					8EBA39812150D23600506046 = {
						CreatedOnToolsVersion = 9.1;
						ProvisioningStyle = Automatic;
						TestTargetID = 8EBA396A2150D23500506046;
					};
					8EBA398C2150D23600506046 = {
						CreatedOnToolsVersion = 9.1;
						ProvisioningStyle = Automatic;
						TestTargetID = 8EBA396A2150D23500506046;
					};
				};
			};
			buildConfigurationList = 8EBA39662150D23500506046 /* Build configuration list for PBXProject "mini-project-search-filter" */;
			compatibilityVersion = "Xcode 8.0";
			developmentRegion = en;
			hasScannedForEncodings = 0;
			knownRegions = (
				en,
				Base,
			);
			mainGroup = 8EBA39622150D23500506046;
			productRefGroup = 8EBA396C2150D23500506046 /* Products */;
			projectDirPath = "";
			projectRoot = "";
			targets = (
				8EBA396A2150D23500506046 /* mini-project-search-filter */,
				8EBA39812150D23600506046 /* mini-project-search-filterTests */,
				8EBA398C2150D23600506046 /* mini-project-search-filterUITests */,
			);
		};
/* End PBXProject section */

/* Begin PBXResourcesBuildPhase section */
		8EBA39692150D23500506046 /* Resources */ = {
			isa = PBXResourcesBuildPhase;
			buildActionMask = 2147483647;
			files = (
				8EC72AF5215267EA00F29EAC /* FilterPageController.storyboard in Resources */,
				8EBA39A32150EF6000506046 /* ItemCell.xib in Resources */,
				8EBA397C2150D23500506046 /* LaunchScreen.storyboard in Resources */,
				8EBA39792150D23500506046 /* Assets.xcassets in Resources */,
				8EBA39742150D23500506046 /* Main.storyboard in Resources */,
			);
			runOnlyForDeploymentPostprocessing = 0;
		};
		8EBA39802150D23600506046 /* Resources */ = {
			isa = PBXResourcesBuildPhase;
			buildActionMask = 2147483647;
			files = (
			);
			runOnlyForDeploymentPostprocessing = 0;
		};
		8EBA398B2150D23600506046 /* Resources */ = {
			isa = PBXResourcesBuildPhase;
			buildActionMask = 2147483647;
			files = (
			);
			runOnlyForDeploymentPostprocessing = 0;
		};
/* End PBXResourcesBuildPhase section */

/* Begin PBXShellScriptBuildPhase section */
		79111A7733B67B9E4953423D /* [CP] Check Pods Manifest.lock */ = {
			isa = PBXShellScriptBuildPhase;
			buildActionMask = 2147483647;
			files = (
			);
			inputPaths = (
				"${PODS_PODFILE_DIR_PATH}/Podfile.lock",
				"${PODS_ROOT}/Manifest.lock",
			);
			name = "[CP] Check Pods Manifest.lock";
			outputPaths = (
				"$(DERIVED_FILE_DIR)/Pods-mini-project-search-filter-checkManifestLockResult.txt",
			);
			runOnlyForDeploymentPostprocessing = 0;
			shellPath = /bin/sh;
			shellScript = "diff \"${PODS_PODFILE_DIR_PATH}/Podfile.lock\" \"${PODS_ROOT}/Manifest.lock\" > /dev/null\nif [ $? != 0 ] ; then\n    # print error to STDERR\n    echo \"error: The sandbox is not in sync with the Podfile.lock. Run 'pod install' or update your CocoaPods installation.\" >&2\n    exit 1\nfi\n# This output is used by Xcode 'outputs' to avoid re-running this script phase.\necho \"SUCCESS\" > \"${SCRIPT_OUTPUT_FILE_0}\"\n";
			showEnvVarsInLog = 0;
		};
		FFA41CD8A1A534D003384E9C /* [CP] Embed Pods Frameworks */ = {
			isa = PBXShellScriptBuildPhase;
			buildActionMask = 2147483647;
			files = (
			);
			inputPaths = (
				"${SRCROOT}/Pods/Target Support Files/Pods-mini-project-search-filter/Pods-mini-project-search-filter-frameworks.sh",
				"${BUILT_PRODUCTS_DIR}/Alamofire/Alamofire.framework",
				"${BUILT_PRODUCTS_DIR}/SwiftRangeSlider/SwiftRangeSlider.framework",
				"${BUILT_PRODUCTS_DIR}/SwiftyJSON/SwiftyJSON.framework",
			);
			name = "[CP] Embed Pods Frameworks";
			outputPaths = (
				"${TARGET_BUILD_DIR}/${FRAMEWORKS_FOLDER_PATH}/Alamofire.framework",
				"${TARGET_BUILD_DIR}/${FRAMEWORKS_FOLDER_PATH}/SwiftRangeSlider.framework",
				"${TARGET_BUILD_DIR}/${FRAMEWORKS_FOLDER_PATH}/SwiftyJSON.framework",
			);
			runOnlyForDeploymentPostprocessing = 0;
			shellPath = /bin/sh;
			shellScript = "\"${SRCROOT}/Pods/Target Support Files/Pods-mini-project-search-filter/Pods-mini-project-search-filter-frameworks.sh\"\n";
			showEnvVarsInLog = 0;
		};
/* End PBXShellScriptBuildPhase section */

/* Begin PBXSourcesBuildPhase section */
		8EBA39672150D23500506046 /* Sources */ = {
			isa = PBXSourcesBuildPhase;
			buildActionMask = 2147483647;
			files = (
				8EBA396F2150D23500506046 /* AppDelegate.swift in Sources */,
				8EC72AF921526F9700F29EAC /* FilterPageController.swift in Sources */,
				8EBA39772150D23500506046 /* mini_project_search_filter.xcdatamodeld in Sources */,
				8EBA39A72150F51400506046 /* ViewController.swift in Sources */,
				8EBA39A22150EF6000506046 /* ItemCell.swift in Sources */,
			);
			runOnlyForDeploymentPostprocessing = 0;
		};
		8EBA397E2150D23600506046 /* Sources */ = {
			isa = PBXSourcesBuildPhase;
			buildActionMask = 2147483647;
			files = (
				8EBA39872150D23600506046 /* mini_project_search_filterTests.swift in Sources */,
			);
			runOnlyForDeploymentPostprocessing = 0;
		};
		8EBA39892150D23600506046 /* Sources */ = {
			isa = PBXSourcesBuildPhase;
			buildActionMask = 2147483647;
			files = (
				8EBA39922150D23600506046 /* mini_project_search_filterUITests.swift in Sources */,
			);
			runOnlyForDeploymentPostprocessing = 0;
		};
/* End PBXSourcesBuildPhase section */

/* Begin PBXTargetDependency section */
		8EBA39842150D23600506046 /* PBXTargetDependency */ = {
			isa = PBXTargetDependency;
			target = 8EBA396A2150D23500506046 /* mini-project-search-filter */;
			targetProxy = 8EBA39832150D23600506046 /* PBXContainerItemProxy */;
		};
		8EBA398F2150D23600506046 /* PBXTargetDependency */ = {
			isa = PBXTargetDependency;
			target = 8EBA396A2150D23500506046 /* mini-project-search-filter */;
			targetProxy = 8EBA398E2150D23600506046 /* PBXContainerItemProxy */;
		};
/* End PBXTargetDependency section */

/* Begin PBXVariantGroup section */
		8EBA39722150D23500506046 /* Main.storyboard */ = {
			isa = PBXVariantGroup;
			children = (
				8EBA39732150D23500506046 /* Base */,
			);
			name = Main.storyboard;
			sourceTree = "<group>";
		};
		8EBA397A2150D23500506046 /* LaunchScreen.storyboard */ = {
			isa = PBXVariantGroup;
			children = (
				8EBA397B2150D23500506046 /* Base */,
			);
			name = LaunchScreen.storyboard;
			sourceTree = "<group>";
		};
/* End PBXVariantGroup section */

/* Begin XCBuildConfiguration section */
		8EBA39942150D23600506046 /* Debug */ = {
			isa = XCBuildConfiguration;
			buildSettings = {
				ALWAYS_SEARCH_USER_PATHS = NO;
				CLANG_ANALYZER_NONNULL = YES;
				CLANG_ANALYZER_NUMBER_OBJECT_CONVERSION = YES_AGGRESSIVE;
				CLANG_CXX_LANGUAGE_STANDARD = "gnu++14";
				CLANG_CXX_LIBRARY = "libc++";
				CLANG_ENABLE_MODULES = YES;
				CLANG_ENABLE_OBJC_ARC = YES;
				CLANG_WARN_BLOCK_CAPTURE_AUTORELEASING = YES;
				CLANG_WARN_BOOL_CONVERSION = YES;
				CLANG_WARN_COMMA = YES;
				CLANG_WARN_CONSTANT_CONVERSION = YES;
				CLANG_WARN_DIRECT_OBJC_ISA_USAGE = YES_ERROR;
				CLANG_WARN_DOCUMENTATION_COMMENTS = YES;
				CLANG_WARN_EMPTY_BODY = YES;
				CLANG_WARN_ENUM_CONVERSION = YES;
				CLANG_WARN_INFINITE_RECURSION = YES;
				CLANG_WARN_INT_CONVERSION = YES;
				CLANG_WARN_NON_LITERAL_NULL_CONVERSION = YES;
				CLANG_WARN_OBJC_LITERAL_CONVERSION = YES;
				CLANG_WARN_OBJC_ROOT_CLASS = YES_ERROR;
				CLANG_WARN_RANGE_LOOP_ANALYSIS = YES;
				CLANG_WARN_STRICT_PROTOTYPES = YES;
				CLANG_WARN_SUSPICIOUS_MOVE = YES;
				CLANG_WARN_UNGUARDED_AVAILABILITY = YES_AGGRESSIVE;
				CLANG_WARN_UNREACHABLE_CODE = YES;
				CLANG_WARN__DUPLICATE_METHOD_MATCH = YES;
				CODE_SIGN_IDENTITY = "iPhone Developer";
				COPY_PHASE_STRIP = NO;
				DEBUG_INFORMATION_FORMAT = dwarf;
				ENABLE_STRICT_OBJC_MSGSEND = YES;
				ENABLE_TESTABILITY = YES;
				GCC_C_LANGUAGE_STANDARD = gnu11;
				GCC_DYNAMIC_NO_PIC = NO;
				GCC_NO_COMMON_BLOCKS = YES;
				GCC_OPTIMIZATION_LEVEL = 0;
				GCC_PREPROCESSOR_DEFINITIONS = (
					"DEBUG=1",
					"$(inherited)",
				);
				GCC_WARN_64_TO_32_BIT_CONVERSION = YES;
				GCC_WARN_ABOUT_RETURN_TYPE = YES_ERROR;
				GCC_WARN_UNDECLARED_SELECTOR = YES;
				GCC_WARN_UNINITIALIZED_AUTOS = YES_AGGRESSIVE;
				GCC_WARN_UNUSED_FUNCTION = YES;
				GCC_WARN_UNUSED_VARIABLE = YES;
				IPHONEOS_DEPLOYMENT_TARGET = 11.1;
				MTL_ENABLE_DEBUG_INFO = YES;
				ONLY_ACTIVE_ARCH = YES;
				SDKROOT = iphoneos;
				SWIFT_ACTIVE_COMPILATION_CONDITIONS = DEBUG;
				SWIFT_OPTIMIZATION_LEVEL = "-Onone";
			};
			name = Debug;
		};
		8EBA39952150D23600506046 /* Release */ = {
			isa = XCBuildConfiguration;
			buildSettings = {
				ALWAYS_SEARCH_USER_PATHS = NO;
				CLANG_ANALYZER_NONNULL = YES;
				CLANG_ANALYZER_NUMBER_OBJECT_CONVERSION = YES_AGGRESSIVE;
				CLANG_CXX_LANGUAGE_STANDARD = "gnu++14";
				CLANG_CXX_LIBRARY = "libc++";
				CLANG_ENABLE_MODULES = YES;
				CLANG_ENABLE_OBJC_ARC = YES;
				CLANG_WARN_BLOCK_CAPTURE_AUTORELEASING = YES;
				CLANG_WARN_BOOL_CONVERSION = YES;
				CLANG_WARN_COMMA = YES;
				CLANG_WARN_CONSTANT_CONVERSION = YES;
				CLANG_WARN_DIRECT_OBJC_ISA_USAGE = YES_ERROR;
				CLANG_WARN_DOCUMENTATION_COMMENTS = YES;
				CLANG_WARN_EMPTY_BODY = YES;
				CLANG_WARN_ENUM_CONVERSION = YES;
				CLANG_WARN_INFINITE_RECURSION = YES;
				CLANG_WARN_INT_CONVERSION = YES;
				CLANG_WARN_NON_LITERAL_NULL_CONVERSION = YES;
				CLANG_WARN_OBJC_LITERAL_CONVERSION = YES;
				CLANG_WARN_OBJC_ROOT_CLASS = YES_ERROR;
				CLANG_WARN_RANGE_LOOP_ANALYSIS = YES;
				CLANG_WARN_STRICT_PROTOTYPES = YES;
				CLANG_WARN_SUSPICIOUS_MOVE = YES;
				CLANG_WARN_UNGUARDED_AVAILABILITY = YES_AGGRESSIVE;
				CLANG_WARN_UNREACHABLE_CODE = YES;
				CLANG_WARN__DUPLICATE_METHOD_MATCH = YES;
				CODE_SIGN_IDENTITY = "iPhone Developer";
				COPY_PHASE_STRIP = NO;
				DEBUG_INFORMATION_FORMAT = "dwarf-with-dsym";
				ENABLE_NS_ASSERTIONS = NO;
				ENABLE_STRICT_OBJC_MSGSEND = YES;
				GCC_C_LANGUAGE_STANDARD = gnu11;
				GCC_NO_COMMON_BLOCKS = YES;
				GCC_WARN_64_TO_32_BIT_CONVERSION = YES;
				GCC_WARN_ABOUT_RETURN_TYPE = YES_ERROR;
				GCC_WARN_UNDECLARED_SELECTOR = YES;
				GCC_WARN_UNINITIALIZED_AUTOS = YES_AGGRESSIVE;
				GCC_WARN_UNUSED_FUNCTION = YES;
				GCC_WARN_UNUSED_VARIABLE = YES;
				IPHONEOS_DEPLOYMENT_TARGET = 11.1;
				MTL_ENABLE_DEBUG_INFO = NO;
				SDKROOT = iphoneos;
				SWIFT_OPTIMIZATION_LEVEL = "-Owholemodule";
				VALIDATE_PRODUCT = YES;
			};
			name = Release;
		};
		8EBA39972150D23600506046 /* Debug */ = {
			isa = XCBuildConfiguration;
			baseConfigurationReference = E8E77C44B9EA38272591D4D1 /* Pods-mini-project-search-filter.debug.xcconfig */;
			buildSettings = {
				ASSETCATALOG_COMPILER_APPICON_NAME = AppIcon;
				CODE_SIGN_STYLE = Automatic;
				INFOPLIST_FILE = "mini-project-search-filter/Info.plist";
				LD_RUNPATH_SEARCH_PATHS = "$(inherited) @executable_path/Frameworks";
				PRODUCT_BUNDLE_IDENTIFIER = "com.dinnaayu.mini-project-search-filter";
				PRODUCT_NAME = "$(TARGET_NAME)";
				SWIFT_VERSION = 4.0;
				TARGETED_DEVICE_FAMILY = "1,2";
			};
			name = Debug;
		};
		8EBA39982150D23600506046 /* Release */ = {
			isa = XCBuildConfiguration;
			baseConfigurationReference = 9D51F00470B62C745D6B1EDC /* Pods-mini-project-search-filter.release.xcconfig */;
			buildSettings = {
				ASSETCATALOG_COMPILER_APPICON_NAME = AppIcon;
				CODE_SIGN_STYLE = Automatic;
				INFOPLIST_FILE = "mini-project-search-filter/Info.plist";
				LD_RUNPATH_SEARCH_PATHS = "$(inherited) @executable_path/Frameworks";
				PRODUCT_BUNDLE_IDENTIFIER = "com.dinnaayu.mini-project-search-filter";
				PRODUCT_NAME = "$(TARGET_NAME)";
				SWIFT_VERSION = 4.0;
				TARGETED_DEVICE_FAMILY = "1,2";
			};
			name = Release;
		};
		8EBA399A2150D23600506046 /* Debug */ = {
			isa = XCBuildConfiguration;
			buildSettings = {
				ALWAYS_EMBED_SWIFT_STANDARD_LIBRARIES = YES;
				BUNDLE_LOADER = "$(TEST_HOST)";
				CODE_SIGN_STYLE = Automatic;
				INFOPLIST_FILE = "mini-project-search-filterTests/Info.plist";
				LD_RUNPATH_SEARCH_PATHS = "$(inherited) @executable_path/Frameworks @loader_path/Frameworks";
				PRODUCT_BUNDLE_IDENTIFIER = "com.dinnaayu.mini-project-search-filterTests";
				PRODUCT_NAME = "$(TARGET_NAME)";
				SWIFT_VERSION = 4.0;
				TARGETED_DEVICE_FAMILY = "1,2";
				TEST_HOST = "$(BUILT_PRODUCTS_DIR)/mini-project-search-filter.app/mini-project-search-filter";
			};
			name = Debug;
		};
		8EBA399B2150D23600506046 /* Release */ = {
			isa = XCBuildConfiguration;
			buildSettings = {
				ALWAYS_EMBED_SWIFT_STANDARD_LIBRARIES = YES;
				BUNDLE_LOADER = "$(TEST_HOST)";
				CODE_SIGN_STYLE = Automatic;
				INFOPLIST_FILE = "mini-project-search-filterTests/Info.plist";
				LD_RUNPATH_SEARCH_PATHS = "$(inherited) @executable_path/Frameworks @loader_path/Frameworks";
				PRODUCT_BUNDLE_IDENTIFIER = "com.dinnaayu.mini-project-search-filterTests";
				PRODUCT_NAME = "$(TARGET_NAME)";
				SWIFT_VERSION = 4.0;
				TARGETED_DEVICE_FAMILY = "1,2";
				TEST_HOST = "$(BUILT_PRODUCTS_DIR)/mini-project-search-filter.app/mini-project-search-filter";
			};
			name = Release;
		};
		8EBA399D2150D23600506046 /* Debug */ = {
			isa = XCBuildConfiguration;
			buildSettings = {
				ALWAYS_EMBED_SWIFT_STANDARD_LIBRARIES = YES;
				CODE_SIGN_STYLE = Automatic;
				INFOPLIST_FILE = "mini-project-search-filterUITests/Info.plist";
				LD_RUNPATH_SEARCH_PATHS = "$(inherited) @executable_path/Frameworks @loader_path/Frameworks";
				PRODUCT_BUNDLE_IDENTIFIER = "com.dinnaayu.mini-project-search-filterUITests";
				PRODUCT_NAME = "$(TARGET_NAME)";
				SWIFT_VERSION = 4.0;
				TARGETED_DEVICE_FAMILY = "1,2";
				TEST_TARGET_NAME = "mini-project-search-filter";
			};
			name = Debug;
		};
		8EBA399E2150D23600506046 /* Release */ = {
			isa = XCBuildConfiguration;
			buildSettings = {
				ALWAYS_EMBED_SWIFT_STANDARD_LIBRARIES = YES;
				CODE_SIGN_STYLE = Automatic;
				INFOPLIST_FILE = "mini-project-search-filterUITests/Info.plist";
				LD_RUNPATH_SEARCH_PATHS = "$(inherited) @executable_path/Frameworks @loader_path/Frameworks";
				PRODUCT_BUNDLE_IDENTIFIER = "com.dinnaayu.mini-project-search-filterUITests";
				PRODUCT_NAME = "$(TARGET_NAME)";
				SWIFT_VERSION = 4.0;
				TARGETED_DEVICE_FAMILY = "1,2";
				TEST_TARGET_NAME = "mini-project-search-filter";
			};
			name = Release;
		};
/* End XCBuildConfiguration section */

/* Begin XCConfigurationList section */
		8EBA39662150D23500506046 /* Build configuration list for PBXProject "mini-project-search-filter" */ = {
			isa = XCConfigurationList;
			buildConfigurations = (
				8EBA39942150D23600506046 /* Debug */,
				8EBA39952150D23600506046 /* Release */,
			);
			defaultConfigurationIsVisible = 0;
			defaultConfigurationName = Release;
		};
		8EBA39962150D23600506046 /* Build configuration list for PBXNativeTarget "mini-project-search-filter" */ = {
			isa = XCConfigurationList;
			buildConfigurations = (
				8EBA39972150D23600506046 /* Debug */,
				8EBA39982150D23600506046 /* Release */,
			);
			defaultConfigurationIsVisible = 0;
			defaultConfigurationName = Release;
		};
		8EBA39992150D23600506046 /* Build configuration list for PBXNativeTarget "mini-project-search-filterTests" */ = {
			isa = XCConfigurationList;
			buildConfigurations = (
				8EBA399A2150D23600506046 /* Debug */,
				8EBA399B2150D23600506046 /* Release */,
			);
			defaultConfigurationIsVisible = 0;
			defaultConfigurationName = Release;
		};
		8EBA399C2150D23600506046 /* Build configuration list for PBXNativeTarget "mini-project-search-filterUITests" */ = {
			isa = XCConfigurationList;
			buildConfigurations = (
				8EBA399D2150D23600506046 /* Debug */,
				8EBA399E2150D23600506046 /* Release */,
			);
			defaultConfigurationIsVisible = 0;
			defaultConfigurationName = Release;
		};
/* End XCConfigurationList section */

/* Begin XCVersionGroup section */
		8EBA39752150D23500506046 /* mini_project_search_filter.xcdatamodeld */ = {
			isa = XCVersionGroup;
			children = (
				8EBA39762150D23500506046 /* mini_project_search_filter.xcdatamodel */,
			);
			currentVersion = 8EBA39762150D23500506046 /* mini_project_search_filter.xcdatamodel */;
			path = mini_project_search_filter.xcdatamodeld;
			sourceTree = "<group>";
			versionGroupType = wrapper.xcdatamodel;
		};
/* End XCVersionGroup section */
	};
	rootObject = 8EBA39632150D23500506046 /* Project object */;
}
